
Microsoft Visual Studio Solution File, Format Version 12.00
# Visual Studio Version 16
VisualStudioVersion = 16.0.30114.105
MinimumVisualStudioVersion = 10.0.40219.1
Project("{FAE04EC0-301F-11D3-BF4B-00C04F79EFBC}") = "Entities", "Entities\Entities.csproj", "{57BEFF71-0D18-4FDB-9D9D-9853E660B890}"
EndProject
Project("{FAE04EC0-301F-11D3-BF4B-00C04F79EFBC}") = "DataLayer", "DataLayer\DataLayer.csproj", "{E05B6811-2DCB-4DD0-A192-5561C7AEECA9}"
EndProject
Project("{FAE04EC0-301F-11D3-BF4B-00C04F79EFBC}") = "ChatRepositories", "ChatRepositories\ChatRepositories.csproj", "{6E708DE9-58C7-4A05-A1C4-203DA0CE61F2}"
EndProject
Project("{FAE04EC0-301F-11D3-BF4B-00C04F79EFBC}") = "ZacksLibrary", "ZacksLibrary\ZacksLibrary.csproj", "{45F84BE1-A208-4177-B9DA-34ED9A00C800}"
EndProject
Project("{FAE04EC0-301F-11D3-BF4B-00C04F79EFBC}") = "Fakebook", "Fakebook\Fakebook.csproj", "{D8C34ECD-BBAE-4724-AA9C-4047F84110A3}"
EndProject
Global
	GlobalSection(SolutionConfigurationPlatforms) = preSolution
		Debug|Any CPU = Debug|Any CPU
		Release|Any CPU = Release|Any CPU
	EndGlobalSection
	GlobalSection(ProjectConfigurationPlatforms) = postSolution
		{57BEFF71-0D18-4FDB-9D9D-9853E660B890}.Debug|Any CPU.ActiveCfg = Debug|Any CPU
		{57BEFF71-0D18-4FDB-9D9D-9853E660B890}.Debug|Any CPU.Build.0 = Debug|Any CPU
		{57BEFF71-0D18-4FDB-9D9D-9853E660B890}.Release|Any CPU.ActiveCfg = Release|Any CPU
		{57BEFF71-0D18-4FDB-9D9D-9853E660B890}.Release|Any CPU.Build.0 = Release|Any CPU
		{E05B6811-2DCB-4DD0-A192-5561C7AEECA9}.Debug|Any CPU.ActiveCfg = Debug|Any CPU
		{E05B6811-2DCB-4DD0-A192-5561C7AEECA9}.Debug|Any CPU.Build.0 = Debug|Any CPU
		{E05B6811-2DCB-4DD0-A192-5561C7AEECA9}.Release|Any CPU.ActiveCfg = Release|Any CPU
		{E05B6811-2DCB-4DD0-A192-5561C7AEECA9}.Release|Any CPU.Build.0 = Release|Any CPU
		{6E708DE9-58C7-4A05-A1C4-203DA0CE61F2}.Debug|Any CPU.ActiveCfg = Debug|Any CPU
		{6E708DE9-58C7-4A05-A1C4-203DA0CE61F2}.Debug|Any CPU.Build.0 = Debug|Any CPU
		{6E708DE9-58C7-4A05-A1C4-203DA0CE61F2}.Release|Any CPU.ActiveCfg = Release|Any CPU
		{6E708DE9-58C7-4A05-A1C4-203DA0CE61F2}.Release|Any CPU.Build.0 = Release|Any CPU
		{45F84BE1-A208-4177-B9DA-34ED9A00C800}.Debug|Any CPU.ActiveCfg = Debug|Any CPU
		{45F84BE1-A208-4177-B9DA-34ED9A00C800}.Debug|Any CPU.Build.0 = Debug|Any CPU
		{45F84BE1-A208-4177-B9DA-34ED9A00C800}.Release|Any CPU.ActiveCfg = Release|Any CPU
		{45F84BE1-A208-4177-B9DA-34ED9A00C800}.Release|Any CPU.Build.0 = Release|Any CPU
		{D8C34ECD-BBAE-4724-AA9C-4047F84110A3}.Debug|Any CPU.ActiveCfg = Debug|Any CPU
		{D8C34ECD-BBAE-4724-AA9C-4047F84110A3}.Debug|Any CPU.Build.0 = Debug|Any CPU
		{D8C34ECD-BBAE-4724-AA9C-4047F84110A3}.Release|Any CPU.ActiveCfg = Release|Any CPU
		{D8C34ECD-BBAE-4724-AA9C-4047F84110A3}.Release|Any CPU.Build.0 = Release|Any CPU
	EndGlobalSection
	GlobalSection(SolutionProperties) = preSolution
		HideSolutionNode = FALSE
	EndGlobalSection
	GlobalSection(ExtensibilityGlobals) = postSolution
		SolutionGuid = {7B932CF2-275B-43F0-AF2F-953D2EF39BD4}
	EndGlobalSection
EndGlobal
